
Microsoft Visual Studio Solution File, Format Version 12.00
# Visual Studio 15
VisualStudioVersion = 15.0.27130.2003
MinimumVisualStudioVersion = 10.0.40219.1
Project("{FAE04EC0-301F-11D3-BF4B-00C04F79EFBC}") = "MM_DASHBOARD", "MM_DASHBOARD\MM_DASHBOARD.csproj", "{3DF8D232-563B-42C8-8FFB-9F746092D462}"
EndProject
Global
	GlobalSection(SolutionConfigurationPlatforms) = preSolution
		Debug|Any CPU = Debug|Any CPU
		Release|Any CPU = Release|Any CPU
	EndGlobalSection
	GlobalSection(ProjectConfigurationPlatforms) = postSolution
		{3DF8D232-563B-42C8-8FFB-9F746092D462}.Debug|Any CPU.ActiveCfg = Debug|Any CPU
		{3DF8D232-563B-42C8-8FFB-9F746092D462}.Debug|Any CPU.Build.0 = Debug|Any CPU
		{3DF8D232-563B-42C8-8FFB-9F746092D462}.Release|Any CPU.ActiveCfg = Release|Any CPU
		{3DF8D232-563B-42C8-8FFB-9F746092D462}.Release|Any CPU.Build.0 = Release|Any CPU
	EndGlobalSection
	GlobalSection(SolutionProperties) = preSolution
		HideSolutionNode = FALSE
	EndGlobalSection
	GlobalSection(ExtensibilityGlobals) = postSolution
		SolutionGuid = {15E9978E-C380-412C-B7F5-B1CA0088BFA5}
	EndGlobalSection
EndGlobal
